{
  "name": "siteation-github-action",
  "version": "1.0.0",
  "lockfileVersion": 3,
  "requires": true,
  "packages": {
    "": {
      "name": "siteation-github-action",
      "version": "1.0.0",
      "license": "ISC",
      "devDependencies": {
        "smee-client": "^4.3.1"
      }
    },
    "node_modules/eventsource": {
      "version": "4.0.0",
      "resolved": "https://registry.npmjs.org/eventsource/-/eventsource-4.0.0.tgz",
      "integrity": "sha512-fvIkb9qZzdMxgZrEQDyll+9oJsyaVvY92I2Re+qK0qEJ+w5s0X3dtz+M0VAPOjP1gtU3iqWyjQ0G3nvd5CLZ2g==",
      "dev": true,
      "dependencies": {
        "eventsource-parser": "^3.0.1"
      },
      "engines": {
        "node": ">=20.0.0"
      }
    },
    "node_modules/eventsource-parser": {
      "version": "3.0.6",
      "resolved": "https://registry.npmjs.org/eventsource-parser/-/eventsource-parser-3.0.6.tgz",
      "integrity": "sha512-Vo1ab+QXPzZ4tCa8SwIHJFaSzy4R6SHf7BY79rFBDf0idraZWAkYrDjDj8uWaSm3S2TK+hJ7/t1CEmZ7jXw+pg==",
      "dev": true,
      "engines": {
        "node": ">=18.0.0"
      }
    },
    "node_modules/smee-client": {
      "version": "4.3.1",
      "resolved": "https://registry.npmjs.org/smee-client/-/smee-client-4.3.1.tgz",
      "integrity": "sha512-4x8Plwtzx/w9N/0TT2tegle6zaDkPnUrPLZUhDt1phUlMMRhlYuSDdEKl0LygZPegsztYd7sWmcYAm8UQ60xQA==",
      "dev": true,
      "dependencies": {
        "eventsource": "^4.0.0",
        "undici": "^7.0.0",
        "validator": "^13.11.0"
      },
      "bin": {
        "smee": "bin/smee.js"
      },
      "engines": {
        "node": "^20.18 || >= 22"
      }
    },
    "node_modules/undici": {
      "version": "7.16.0",
      "resolved": "https://registry.npmjs.org/undici/-/undici-7.16.0.tgz",
      "integrity": "sha512-QEg3HPMll0o3t2ourKwOeUAZ159Kn9mx5pnzHRQO8+Wixmh88YdZRiIwat0iNzNNXn0yoEtXJqFpyW7eM8BV7g==",
      "dev": true,
      "engines": {
        "node": ">=20.18.1"
      }
    },
    "node_modules/validator": {
      "version": "13.15.15",
      "resolved": "https://registry.npmjs.org/validator/-/validator-13.15.15.tgz",
      "integrity": "sha512-BgWVbCI72aIQy937xbawcs+hrVaN/CZ2UwutgaJ36hGqRrLNM+f5LUT/YPRbo8IV/ASeFzXszezV+y2+rq3l8A==",
      "dev": true,
      "engines": {
        "node": ">= 0.10"
      }
    }
  }
}
